# This file is automatically @generated by Poetry 1.8.3 and should not be changed by hand.

[[package]]
name = "mutagen"
version = "1.47.0"
description = "read and write audio tags for many formats"
optional = false
python-versions = ">=3.7"
files = [
    {file = "mutagen-1.47.0-py3-none-any.whl", hash = "sha256:edd96f50c5907a9539d8e5bba7245f62c9f520aef333d13392a79a4f70aca719"},
    {file = "mutagen-1.47.0.tar.gz", hash = "sha256:719fadef0a978c31b4cf3c956261b3c58b6948b32023078a2117b1de09f0fc99"},
]

[[package]]
name = "pydub"
version = "0.25.1"
description = "Manipulate audio with an simple and easy high level interface"
optional = false
python-versions = "*"
files = [
    {file = "pydub-0.25.1-py2.py3-none-any.whl", hash = "sha256:65617e33033874b59d87db603aa1ed450633288aefead953b30bded59cb599a6"},
    {file = "pydub-0.25.1.tar.gz", hash = "sha256:980a33ce9949cab2a569606b65674d748ecbca4f0796887fd6f46173a7b0d30f"},
]

[metadata]
lock-version = "2.0"
python-versions = "^3.12"
content-hash = "641e187d67a51f425de2ae4bc76d9464948c1b874549ce5fbe0e93a8f89ac1d3"
package-mode = false